
Microsoft Visual Studio Solution File, Format Version 12.00
# Visual Studio Version 17
VisualStudioVersion = 17.10.35122.118
MinimumVisualStudioVersion = 10.0.40219.1
Project("{9A19103F-16F7-4668-BE54-9A1E7A4F7556}") = "sakuragram", "sakuragram\sakuragram.csproj", "{7768C2E0-6568-4B3A-995C-FEFDC278FEB7}"
EndProject
Project("{54435603-DBB4-11D2-8724-00A0C9A8B90C}") = "sakugramInstaller", "sakugramInstaller\sakugramInstaller.vdproj", "{59F75A96-DA8C-4470-85CB-86A6D8529C1C}"
EndProject
Project("{9A19103F-16F7-4668-BE54-9A1E7A4F7556}") = "TdLib", "TdLib\TdLib.csproj", "{B1BE765F-2AB0-484C-90BD-21F5BD4D9F55}"
EndProject
Project("{9A19103F-16F7-4668-BE54-9A1E7A4F7556}") = "TdLib.Api", "TdLib.Api\TdLib.Api.csproj", "{E9440D98-F196-4557-B363-AA4841C0F563}"
EndProject
Global
	GlobalSection(SolutionConfigurationPlatforms) = preSolution
		Beta|x64 = Beta|x64
		Debug|x64 = Debug|x64
		Release|x64 = Release|x64
	EndGlobalSection
	GlobalSection(ProjectConfigurationPlatforms) = postSolution
		{7768C2E0-6568-4B3A-995C-FEFDC278FEB7}.Beta|x64.ActiveCfg = Beta|x64
		{7768C2E0-6568-4B3A-995C-FEFDC278FEB7}.Beta|x64.Build.0 = Beta|x64
		{7768C2E0-6568-4B3A-995C-FEFDC278FEB7}.Beta|x64.Deploy.0 = Beta|x64
		{7768C2E0-6568-4B3A-995C-FEFDC278FEB7}.Debug|x64.ActiveCfg = Debug|x64
		{7768C2E0-6568-4B3A-995C-FEFDC278FEB7}.Debug|x64.Build.0 = Debug|x64
		{7768C2E0-6568-4B3A-995C-FEFDC278FEB7}.Debug|x64.Deploy.0 = Debug|x64
		{7768C2E0-6568-4B3A-995C-FEFDC278FEB7}.Release|x64.ActiveCfg = Release|x64
		{7768C2E0-6568-4B3A-995C-FEFDC278FEB7}.Release|x64.Build.0 = Release|x64
		{7768C2E0-6568-4B3A-995C-FEFDC278FEB7}.Release|x64.Deploy.0 = Release|x64
		{59F75A96-DA8C-4470-85CB-86A6D8529C1C}.Beta|x64.ActiveCfg = Beta
		{59F75A96-DA8C-4470-85CB-86A6D8529C1C}.Beta|x64.Build.0 = Beta
		{59F75A96-DA8C-4470-85CB-86A6D8529C1C}.Debug|x64.ActiveCfg = Debug
		{59F75A96-DA8C-4470-85CB-86A6D8529C1C}.Debug|x64.Build.0 = Debug
		{59F75A96-DA8C-4470-85CB-86A6D8529C1C}.Release|x64.ActiveCfg = Release
		{59F75A96-DA8C-4470-85CB-86A6D8529C1C}.Release|x64.Build.0 = Release
		{B1BE765F-2AB0-484C-90BD-21F5BD4D9F55}.Beta|x64.ActiveCfg = Debug|Any CPU
		{B1BE765F-2AB0-484C-90BD-21F5BD4D9F55}.Beta|x64.Build.0 = Debug|Any CPU
		{B1BE765F-2AB0-484C-90BD-21F5BD4D9F55}.Debug|x64.ActiveCfg = Debug|Any CPU
		{B1BE765F-2AB0-484C-90BD-21F5BD4D9F55}.Debug|x64.Build.0 = Debug|Any CPU
		{B1BE765F-2AB0-484C-90BD-21F5BD4D9F55}.Release|x64.ActiveCfg = Release|Any CPU
		{B1BE765F-2AB0-484C-90BD-21F5BD4D9F55}.Release|x64.Build.0 = Release|Any CPU
		{E9440D98-F196-4557-B363-AA4841C0F563}.Beta|x64.ActiveCfg = Debug|Any CPU
		{E9440D98-F196-4557-B363-AA4841C0F563}.Beta|x64.Build.0 = Debug|Any CPU
		{E9440D98-F196-4557-B363-AA4841C0F563}.Debug|x64.ActiveCfg = Debug|Any CPU
		{E9440D98-F196-4557-B363-AA4841C0F563}.Debug|x64.Build.0 = Debug|Any CPU
		{E9440D98-F196-4557-B363-AA4841C0F563}.Release|x64.ActiveCfg = Release|Any CPU
		{E9440D98-F196-4557-B363-AA4841C0F563}.Release|x64.Build.0 = Release|Any CPU
	EndGlobalSection
	GlobalSection(SolutionProperties) = preSolution
		HideSolutionNode = FALSE
	EndGlobalSection
	GlobalSection(ExtensibilityGlobals) = postSolution
		SolutionGuid = {4ACD972F-0B56-4713-B87C-965FBFEE3123}
	EndGlobalSection
EndGlobal
